
Microsoft Visual Studio Solution File, Format Version 12.00
# Visual Studio Version 16
VisualStudioVersion = 16.0.30804.86
MinimumVisualStudioVersion = 10.0.40219.1
Project("{888888A0-9F3D-457C-B088-3A5042F75D52}") = "Exam3", "Exam3\Exam3.pyproj", "{9A9F5780-550F-482C-9D99-5A02E940A80F}"
EndProject
Global
	GlobalSection(SolutionConfigurationPlatforms) = preSolution
		Debug|Any CPU = Debug|Any CPU
		Release|Any CPU = Release|Any CPU
	EndGlobalSection
	GlobalSection(ProjectConfigurationPlatforms) = postSolution
		{9A9F5780-550F-482C-9D99-5A02E940A80F}.Debug|Any CPU.ActiveCfg = Debug|Any CPU
		{9A9F5780-550F-482C-9D99-5A02E940A80F}.Release|Any CPU.ActiveCfg = Release|Any CPU
	EndGlobalSection
	GlobalSection(SolutionProperties) = preSolution
		HideSolutionNode = FALSE
	EndGlobalSection
	GlobalSection(ExtensibilityGlobals) = postSolution
		SolutionGuid = {E2E5BD1B-4417-4330-9839-4630131C5FE4}
	EndGlobalSection
EndGlobal
